{
  "originHash" : "d44c54a67f314e15e82409d3004a3cb8866fe8417020c08523203f4a9c77dac2",
  "pins" : [
    {
      "identity" : "defaults",
      "kind" : "remoteSourceControl",
      "location" : "https://github.com/sindresorhus/Defaults",
      "state" : {
        "branch" : "main",
        "revision" : "a89f799930c92a85aa04b72131849d46c0833ab3"
      }
    },
    {
      "identity" : "filewatcher",
      "kind" : "remoteSourceControl",
      "location" : "https://github.com/eonist/FileWatcher",
      "state" : {
        "revision" : "e67c2a99502eade343fecabeca8c57e749a55b59",
        "version" : "0.2.3"
      }
    },
    {
      "identity" : "launchatlogin-legacy",
      "kind" : "remoteSourceControl",
      "location" : "https://github.com/sindresorhus/LaunchAtLogin-Legacy",
      "state" : {
        "branch" : "main",
        "revision" : "9a894d799269cb591037f9f9cb0961510d4dca81"
      }
    },
    {
      "identity" : "sqlite.swift",
      "kind" : "remoteSourceControl",
      "location" : "https://github.com/stephencelis/SQLite.swift",
      "state" : {
        "revision" : "a95fc6df17d108bd99210db5e8a9bac90fe984b8",
        "version" : "0.15.3"
      }
    }
  ],
  "version" : 3
}
