// !$*UTF8*$!
{
	archiveVersion = 1;
	classes = {
	};
	objectVersion = 77;
	objects = {

/* Begin PBXBuildFile section */
		1A64C9D32CC80FAD00353D20 /* Defaults in Frameworks */ = {isa = PBXBuildFile; productRef = 1A64C9D22CC80FAD00353D20 /* Defaults */; };
		1AE1D6332CC4288B00C9E2AB /* FileWatcher in Frameworks */ = {isa = PBXBuildFile; productRef = 1AE1D6322CC4288B00C9E2AB /* FileWatcher */; };
		1AE1D6362CC428E400C9E2AB /* SQLite in Frameworks */ = {isa = PBXBuildFile; productRef = 1AE1D6352CC428E400C9E2AB /* SQLite */; };
		1AE1D6392CC4290A00C9E2AB /* LaunchAtLogin in Frameworks */ = {isa = PBXBuildFile; productRef = 1AE1D6382CC4290A00C9E2AB /* LaunchAtLogin */; };
/* End PBXBuildFile section */

/* Begin PBXContainerItemProxy section */
		1A2B8A3D2CC42490002CD868 /* PBXContainerItemProxy */ = {
			isa = PBXContainerItemProxy;
			containerPortal = 1A2B8A232CC4248C002CD868 /* Project object */;
			proxyType = 1;
			remoteGlobalIDString = 1A2B8A2A2CC4248C002CD868;
			remoteInfo = rw;
		};
		1A2B8A472CC42490002CD868 /* PBXContainerItemProxy */ = {
			isa = PBXContainerItemProxy;
			containerPortal = 1A2B8A232CC4248C002CD868 /* Project object */;
			proxyType = 1;
			remoteGlobalIDString = 1A2B8A2A2CC4248C002CD868;
			remoteInfo = rw;
		};
/* End PBXContainerItemProxy section */

/* Begin PBXFileReference section */
		1A2B8A2B2CC4248C002CD868 /* rw.app */ = {isa = PBXFileReference; explicitFileType = wrapper.application; includeInIndex = 0; path = rw.app; sourceTree = BUILT_PRODUCTS_DIR; };
		1A2B8A3C2CC42490002CD868 /* rwTests.xctest */ = {isa = PBXFileReference; explicitFileType = wrapper.cfbundle; includeInIndex = 0; path = rwTests.xctest; sourceTree = BUILT_PRODUCTS_DIR; };
		1A2B8A462CC42490002CD868 /* rwUITests.xctest */ = {isa = PBXFileReference; explicitFileType = wrapper.cfbundle; includeInIndex = 0; path = rwUITests.xctest; sourceTree = BUILT_PRODUCTS_DIR; };
/* End PBXFileReference section */

/* Begin PBXFileSystemSynchronizedRootGroup section */
		1A2B8A2D2CC4248C002CD868 /* rw */ = {
			isa = PBXFileSystemSynchronizedRootGroup;
			path = rw;
			sourceTree = "<group>";
		};
		1A2B8A3F2CC42490002CD868 /* rwTests */ = {
			isa = PBXFileSystemSynchronizedRootGroup;
			path = rwTests;
			sourceTree = "<group>";
		};
		1A2B8A492CC42490002CD868 /* rwUITests */ = {
			isa = PBXFileSystemSynchronizedRootGroup;
			path = rwUITests;
			sourceTree = "<group>";
		};
/* End PBXFileSystemSynchronizedRootGroup section */

/* Begin PBXFrameworksBuildPhase section */
		1A2B8A282CC4248C002CD868 /* Frameworks */ = {
			isa = PBXFrameworksBuildPhase;
			buildActionMask = 2147483647;
			files = (
				1A64C9D32CC80FAD00353D20 /* Defaults in Frameworks */,
				1AE1D6392CC4290A00C9E2AB /* LaunchAtLogin in Frameworks */,
				1AE1D6362CC428E400C9E2AB /* SQLite in Frameworks */,
				1AE1D6332CC4288B00C9E2AB /* FileWatcher in Frameworks */,
			);
			runOnlyForDeploymentPostprocessing = 0;
		};
		1A2B8A392CC42490002CD868 /* Frameworks */ = {
			isa = PBXFrameworksBuildPhase;
			buildActionMask = 2147483647;
			files = (
			);
			runOnlyForDeploymentPostprocessing = 0;
		};
		1A2B8A432CC42490002CD868 /* Frameworks */ = {
			isa = PBXFrameworksBuildPhase;
			buildActionMask = 2147483647;
			files = (
			);
			runOnlyForDeploymentPostprocessing = 0;
		};
/* End PBXFrameworksBuildPhase section */

/* Begin PBXGroup section */
		1A2B8A222CC4248C002CD868 = {
			isa = PBXGroup;
			children = (
				1A2B8A2D2CC4248C002CD868 /* rw */,
				1A2B8A3F2CC42490002CD868 /* rwTests */,
				1A2B8A492CC42490002CD868 /* rwUITests */,
				1A2B8A2C2CC4248C002CD868 /* Products */,
			);
			sourceTree = "<group>";
		};
		1A2B8A2C2CC4248C002CD868 /* Products */ = {
			isa = PBXGroup;
			children = (
				1A2B8A2B2CC4248C002CD868 /* rw.app */,
				1A2B8A3C2CC42490002CD868 /* rwTests.xctest */,
				1A2B8A462CC42490002CD868 /* rwUITests.xctest */,
			);
			name = Products;
			sourceTree = "<group>";
		};
/* End PBXGroup section */

/* Begin PBXNativeTarget section */
		1A2B8A2A2CC4248C002CD868 /* rw */ = {
			isa = PBXNativeTarget;
			buildConfigurationList = 1A2B8A502CC42490002CD868 /* Build configuration list for PBXNativeTarget "rw" */;
			buildPhases = (
				1A2B8A272CC4248C002CD868 /* Sources */,
				1A2B8A282CC4248C002CD868 /* Frameworks */,
				1A2B8A292CC4248C002CD868 /* Resources */,
			);
			buildRules = (
			);
			dependencies = (
			);
			fileSystemSynchronizedGroups = (
				1A2B8A2D2CC4248C002CD868 /* rw */,
			);
			name = rw;
			packageProductDependencies = (
				1AE1D6322CC4288B00C9E2AB /* FileWatcher */,
				1AE1D6352CC428E400C9E2AB /* SQLite */,
				1AE1D6382CC4290A00C9E2AB /* LaunchAtLogin */,
				1A64C9D22CC80FAD00353D20 /* Defaults */,
			);
			productName = rw;
			productReference = 1A2B8A2B2CC4248C002CD868 /* rw.app */;
			productType = "com.apple.product-type.application";
		};
		1A2B8A3B2CC42490002CD868 /* rwTests */ = {
			isa = PBXNativeTarget;
			buildConfigurationList = 1A2B8A532CC42490002CD868 /* Build configuration list for PBXNativeTarget "rwTests" */;
			buildPhases = (
				1A2B8A382CC42490002CD868 /* Sources */,
				1A2B8A392CC42490002CD868 /* Frameworks */,
				1A2B8A3A2CC42490002CD868 /* Resources */,
			);
			buildRules = (
			);
			dependencies = (
				1A2B8A3E2CC42490002CD868 /* PBXTargetDependency */,
			);
			fileSystemSynchronizedGroups = (
				1A2B8A3F2CC42490002CD868 /* rwTests */,
			);
			name = rwTests;
			packageProductDependencies = (
			);
			productName = rwTests;
			productReference = 1A2B8A3C2CC42490002CD868 /* rwTests.xctest */;
			productType = "com.apple.product-type.bundle.unit-test";
		};
		1A2B8A452CC42490002CD868 /* rwUITests */ = {
			isa = PBXNativeTarget;
			buildConfigurationList = 1A2B8A562CC42490002CD868 /* Build configuration list for PBXNativeTarget "rwUITests" */;
			buildPhases = (
				1A2B8A422CC42490002CD868 /* Sources */,
				1A2B8A432CC42490002CD868 /* Frameworks */,
				1A2B8A442CC42490002CD868 /* Resources */,
			);
			buildRules = (
			);
			dependencies = (
				1A2B8A482CC42490002CD868 /* PBXTargetDependency */,
			);
			fileSystemSynchronizedGroups = (
				1A2B8A492CC42490002CD868 /* rwUITests */,
			);
			name = rwUITests;
			packageProductDependencies = (
			);
			productName = rwUITests;
			productReference = 1A2B8A462CC42490002CD868 /* rwUITests.xctest */;
			productType = "com.apple.product-type.bundle.ui-testing";
		};
/* End PBXNativeTarget section */

/* Begin PBXProject section */
		1A2B8A232CC4248C002CD868 /* Project object */ = {
			isa = PBXProject;
			attributes = {
				BuildIndependentTargetsInParallel = 1;
				LastSwiftUpdateCheck = 1600;
				LastUpgradeCheck = 1600;
				TargetAttributes = {
					1A2B8A2A2CC4248C002CD868 = {
						CreatedOnToolsVersion = 16.0;
					};
					1A2B8A3B2CC42490002CD868 = {
						CreatedOnToolsVersion = 16.0;
						TestTargetID = 1A2B8A2A2CC4248C002CD868;
					};
					1A2B8A452CC42490002CD868 = {
						CreatedOnToolsVersion = 16.0;
						TestTargetID = 1A2B8A2A2CC4248C002CD868;
					};
				};
			};
			buildConfigurationList = 1A2B8A262CC4248C002CD868 /* Build configuration list for PBXProject "rw" */;
			developmentRegion = en;
			hasScannedForEncodings = 0;
			knownRegions = (
				en,
				Base,
			);
			mainGroup = 1A2B8A222CC4248C002CD868;
			minimizedProjectReferenceProxies = 1;
			packageReferences = (
				1AE1D6312CC4288B00C9E2AB /* XCRemoteSwiftPackageReference "FileWatcher" */,
				1AE1D6342CC428E400C9E2AB /* XCRemoteSwiftPackageReference "SQLite" */,
				1AE1D6372CC4290A00C9E2AB /* XCRemoteSwiftPackageReference "LaunchAtLogin-Legacy" */,
				1A64C9D12CC80FAD00353D20 /* XCRemoteSwiftPackageReference "Defaults" */,
			);
			preferredProjectObjectVersion = 77;
			productRefGroup = 1A2B8A2C2CC4248C002CD868 /* Products */;
			projectDirPath = "";
			projectRoot = "";
			targets = (
				1A2B8A2A2CC4248C002CD868 /* rw */,
				1A2B8A3B2CC42490002CD868 /* rwTests */,
				1A2B8A452CC42490002CD868 /* rwUITests */,
			);
		};
/* End PBXProject section */

/* Begin PBXResourcesBuildPhase section */
		1A2B8A292CC4248C002CD868 /* Resources */ = {
			isa = PBXResourcesBuildPhase;
			buildActionMask = 2147483647;
			files = (
			);
			runOnlyForDeploymentPostprocessing = 0;
		};
		1A2B8A3A2CC42490002CD868 /* Resources */ = {
			isa = PBXResourcesBuildPhase;
			buildActionMask = 2147483647;
			files = (
			);
			runOnlyForDeploymentPostprocessing = 0;
		};
		1A2B8A442CC42490002CD868 /* Resources */ = {
			isa = PBXResourcesBuildPhase;
			buildActionMask = 2147483647;
			files = (
			);
			runOnlyForDeploymentPostprocessing = 0;
		};
/* End PBXResourcesBuildPhase section */

/* Begin PBXSourcesBuildPhase section */
		1A2B8A272CC4248C002CD868 /* Sources */ = {
			isa = PBXSourcesBuildPhase;
			buildActionMask = 2147483647;
			files = (
			);
			runOnlyForDeploymentPostprocessing = 0;
		};
		1A2B8A382CC42490002CD868 /* Sources */ = {
			isa = PBXSourcesBuildPhase;
			buildActionMask = 2147483647;
			files = (
			);
			runOnlyForDeploymentPostprocessing = 0;
		};
		1A2B8A422CC42490002CD868 /* Sources */ = {
			isa = PBXSourcesBuildPhase;
			buildActionMask = 2147483647;
			files = (
			);
			runOnlyForDeploymentPostprocessing = 0;
		};
/* End PBXSourcesBuildPhase section */

/* Begin PBXTargetDependency section */
		1A2B8A3E2CC42490002CD868 /* PBXTargetDependency */ = {
			isa = PBXTargetDependency;
			target = 1A2B8A2A2CC4248C002CD868 /* rw */;
			targetProxy = 1A2B8A3D2CC42490002CD868 /* PBXContainerItemProxy */;
		};
		1A2B8A482CC42490002CD868 /* PBXTargetDependency */ = {
			isa = PBXTargetDependency;
			target = 1A2B8A2A2CC4248C002CD868 /* rw */;
			targetProxy = 1A2B8A472CC42490002CD868 /* PBXContainerItemProxy */;
		};
/* End PBXTargetDependency section */

/* Begin XCBuildConfiguration section */
		1A2B8A4E2CC42490002CD868 /* Debug */ = {
			isa = XCBuildConfiguration;
			buildSettings = {
				ALWAYS_SEARCH_USER_PATHS = NO;
				ASSETCATALOG_COMPILER_GENERATE_SWIFT_ASSET_SYMBOL_EXTENSIONS = YES;
				CLANG_ANALYZER_NONNULL = YES;
				CLANG_ANALYZER_NUMBER_OBJECT_CONVERSION = YES_AGGRESSIVE;
				CLANG_CXX_LANGUAGE_STANDARD = "gnu++20";
				CLANG_ENABLE_MODULES = YES;
				CLANG_ENABLE_OBJC_ARC = YES;
				CLANG_ENABLE_OBJC_WEAK = YES;
				CLANG_WARN_BLOCK_CAPTURE_AUTORELEASING = YES;
				CLANG_WARN_BOOL_CONVERSION = YES;
				CLANG_WARN_COMMA = YES;
				CLANG_WARN_CONSTANT_CONVERSION = YES;
				CLANG_WARN_DEPRECATED_OBJC_IMPLEMENTATIONS = YES;
				CLANG_WARN_DIRECT_OBJC_ISA_USAGE = YES_ERROR;
				CLANG_WARN_DOCUMENTATION_COMMENTS = YES;
				CLANG_WARN_EMPTY_BODY = YES;
				CLANG_WARN_ENUM_CONVERSION = YES;
				CLANG_WARN_INFINITE_RECURSION = YES;
				CLANG_WARN_INT_CONVERSION = YES;
				CLANG_WARN_NON_LITERAL_NULL_CONVERSION = YES;
				CLANG_WARN_OBJC_IMPLICIT_RETAIN_SELF = YES;
				CLANG_WARN_OBJC_LITERAL_CONVERSION = YES;
				CLANG_WARN_OBJC_ROOT_CLASS = YES_ERROR;
				CLANG_WARN_QUOTED_INCLUDE_IN_FRAMEWORK_HEADER = YES;
				CLANG_WARN_RANGE_LOOP_ANALYSIS = YES;
				CLANG_WARN_STRICT_PROTOTYPES = YES;
				CLANG_WARN_SUSPICIOUS_MOVE = YES;
				CLANG_WARN_UNGUARDED_AVAILABILITY = YES_AGGRESSIVE;
				CLANG_WARN_UNREACHABLE_CODE = YES;
				CLANG_WARN__DUPLICATE_METHOD_MATCH = YES;
				COPY_PHASE_STRIP = NO;
				DEBUG_INFORMATION_FORMAT = dwarf;
				ENABLE_STRICT_OBJC_MSGSEND = YES;
				ENABLE_TESTABILITY = YES;
				ENABLE_USER_SCRIPT_SANDBOXING = YES;
				GCC_C_LANGUAGE_STANDARD = gnu17;
				GCC_DYNAMIC_NO_PIC = NO;
				GCC_NO_COMMON_BLOCKS = YES;
				GCC_OPTIMIZATION_LEVEL = 0;
				GCC_PREPROCESSOR_DEFINITIONS = (
					"DEBUG=1",
					"$(inherited)",
				);
				GCC_WARN_64_TO_32_BIT_CONVERSION = YES;
				GCC_WARN_ABOUT_RETURN_TYPE = YES_ERROR;
				GCC_WARN_UNDECLARED_SELECTOR = YES;
				GCC_WARN_UNINITIALIZED_AUTOS = YES_AGGRESSIVE;
				GCC_WARN_UNUSED_FUNCTION = YES;
				GCC_WARN_UNUSED_VARIABLE = YES;
				LOCALIZATION_PREFERS_STRING_CATALOGS = YES;
				MACOSX_DEPLOYMENT_TARGET = 15.0;
				MTL_ENABLE_DEBUG_INFO = INCLUDE_SOURCE;
				MTL_FAST_MATH = YES;
				ONLY_ACTIVE_ARCH = YES;
				SDKROOT = macosx;
				SWIFT_ACTIVE_COMPILATION_CONDITIONS = "DEBUG $(inherited)";
				SWIFT_OPTIMIZATION_LEVEL = "-Onone";
			};
			name = Debug;
		};
		1A2B8A4F2CC42490002CD868 /* Release */ = {
			isa = XCBuildConfiguration;
			buildSettings = {
				ALWAYS_SEARCH_USER_PATHS = NO;
				ASSETCATALOG_COMPILER_GENERATE_SWIFT_ASSET_SYMBOL_EXTENSIONS = YES;
				CLANG_ANALYZER_NONNULL = YES;
				CLANG_ANALYZER_NUMBER_OBJECT_CONVERSION = YES_AGGRESSIVE;
				CLANG_CXX_LANGUAGE_STANDARD = "gnu++20";
				CLANG_ENABLE_MODULES = YES;
				CLANG_ENABLE_OBJC_ARC = YES;
				CLANG_ENABLE_OBJC_WEAK = YES;
				CLANG_WARN_BLOCK_CAPTURE_AUTORELEASING = YES;
				CLANG_WARN_BOOL_CONVERSION = YES;
				CLANG_WARN_COMMA = YES;
				CLANG_WARN_CONSTANT_CONVERSION = YES;
				CLANG_WARN_DEPRECATED_OBJC_IMPLEMENTATIONS = YES;
				CLANG_WARN_DIRECT_OBJC_ISA_USAGE = YES_ERROR;
				CLANG_WARN_DOCUMENTATION_COMMENTS = YES;
				CLANG_WARN_EMPTY_BODY = YES;
				CLANG_WARN_ENUM_CONVERSION = YES;
				CLANG_WARN_INFINITE_RECURSION = YES;
				CLANG_WARN_INT_CONVERSION = YES;
				CLANG_WARN_NON_LITERAL_NULL_CONVERSION = YES;
				CLANG_WARN_OBJC_IMPLICIT_RETAIN_SELF = YES;
				CLANG_WARN_OBJC_LITERAL_CONVERSION = YES;
				CLANG_WARN_OBJC_ROOT_CLASS = YES_ERROR;
				CLANG_WARN_QUOTED_INCLUDE_IN_FRAMEWORK_HEADER = YES;
				CLANG_WARN_RANGE_LOOP_ANALYSIS = YES;
				CLANG_WARN_STRICT_PROTOTYPES = YES;
				CLANG_WARN_SUSPICIOUS_MOVE = YES;
				CLANG_WARN_UNGUARDED_AVAILABILITY = YES_AGGRESSIVE;
				CLANG_WARN_UNREACHABLE_CODE = YES;
				CLANG_WARN__DUPLICATE_METHOD_MATCH = YES;
				COPY_PHASE_STRIP = NO;
				DEBUG_INFORMATION_FORMAT = "dwarf-with-dsym";
				ENABLE_NS_ASSERTIONS = NO;
				ENABLE_STRICT_OBJC_MSGSEND = YES;
				ENABLE_USER_SCRIPT_SANDBOXING = YES;
				GCC_C_LANGUAGE_STANDARD = gnu17;
				GCC_NO_COMMON_BLOCKS = YES;
				GCC_WARN_64_TO_32_BIT_CONVERSION = YES;
				GCC_WARN_ABOUT_RETURN_TYPE = YES_ERROR;
				GCC_WARN_UNDECLARED_SELECTOR = YES;
				GCC_WARN_UNINITIALIZED_AUTOS = YES_AGGRESSIVE;
				GCC_WARN_UNUSED_FUNCTION = YES;
				GCC_WARN_UNUSED_VARIABLE = YES;
				LOCALIZATION_PREFERS_STRING_CATALOGS = YES;
				MACOSX_DEPLOYMENT_TARGET = 15.0;
				MTL_ENABLE_DEBUG_INFO = NO;
				MTL_FAST_MATH = YES;
				SDKROOT = macosx;
				SWIFT_COMPILATION_MODE = wholemodule;
			};
			name = Release;
		};
		1A2B8A512CC42490002CD868 /* Debug */ = {
			isa = XCBuildConfiguration;
			buildSettings = {
				ASSETCATALOG_COMPILER_APPICON_NAME = AppIcon;
				ASSETCATALOG_COMPILER_GLOBAL_ACCENT_COLOR_NAME = AccentColor;
				CODE_SIGN_ENTITLEMENTS = rw/rw.entitlements;
				CODE_SIGN_STYLE = Automatic;
				COMBINE_HIDPI_IMAGES = YES;
				CURRENT_PROJECT_VERSION = 1;
				DEVELOPMENT_ASSET_PATHS = "\"rw/Preview Content\"";
				DEVELOPMENT_TEAM = "";
				ENABLE_HARDENED_RUNTIME = YES;
				ENABLE_PREVIEWS = YES;
				GENERATE_INFOPLIST_FILE = YES;
				INFOPLIST_KEY_NSHumanReadableCopyright = "";
				LD_RUNPATH_SEARCH_PATHS = (
					"$(inherited)",
					"@executable_path/../Frameworks",
				);
				MARKETING_VERSION = 1.0;
				PRODUCT_BUNDLE_IDENTIFIER = com.asiafu.rw;
				PRODUCT_NAME = "$(TARGET_NAME)";
				SWIFT_EMIT_LOC_STRINGS = YES;
				SWIFT_VERSION = 5.0;
			};
			name = Debug;
		};
		1A2B8A522CC42490002CD868 /* Release */ = {
			isa = XCBuildConfiguration;
			buildSettings = {
				ASSETCATALOG_COMPILER_APPICON_NAME = AppIcon;
				ASSETCATALOG_COMPILER_GLOBAL_ACCENT_COLOR_NAME = AccentColor;
				CODE_SIGN_ENTITLEMENTS = rw/rw.entitlements;
				CODE_SIGN_STYLE = Automatic;
				COMBINE_HIDPI_IMAGES = YES;
				CURRENT_PROJECT_VERSION = 1;
				DEVELOPMENT_ASSET_PATHS = "\"rw/Preview Content\"";
				DEVELOPMENT_TEAM = "";
				ENABLE_HARDENED_RUNTIME = YES;
				ENABLE_PREVIEWS = YES;
				GENERATE_INFOPLIST_FILE = YES;
				INFOPLIST_KEY_NSHumanReadableCopyright = "";
				LD_RUNPATH_SEARCH_PATHS = (
					"$(inherited)",
					"@executable_path/../Frameworks",
				);
				MARKETING_VERSION = 1.0;
				PRODUCT_BUNDLE_IDENTIFIER = com.asiafu.rw;
				PRODUCT_NAME = "$(TARGET_NAME)";
				SWIFT_EMIT_LOC_STRINGS = YES;
				SWIFT_VERSION = 5.0;
			};
			name = Release;
		};
		1A2B8A542CC42490002CD868 /* Debug */ = {
			isa = XCBuildConfiguration;
			buildSettings = {
				BUNDLE_LOADER = "$(TEST_HOST)";
				CODE_SIGN_STYLE = Automatic;
				CURRENT_PROJECT_VERSION = 1;
				DEVELOPMENT_TEAM = FKZE2E3CS5;
				GENERATE_INFOPLIST_FILE = YES;
				MACOSX_DEPLOYMENT_TARGET = 15.0;
				MARKETING_VERSION = 1.0;
				PRODUCT_BUNDLE_IDENTIFIER = com.asiafu.rwTests;
				PRODUCT_NAME = "$(TARGET_NAME)";
				SWIFT_EMIT_LOC_STRINGS = NO;
				SWIFT_VERSION = 5.0;
				TEST_HOST = "$(BUILT_PRODUCTS_DIR)/rw.app/$(BUNDLE_EXECUTABLE_FOLDER_PATH)/rw";
			};
			name = Debug;
		};
		1A2B8A552CC42490002CD868 /* Release */ = {
			isa = XCBuildConfiguration;
			buildSettings = {
				BUNDLE_LOADER = "$(TEST_HOST)";
				CODE_SIGN_STYLE = Automatic;
				CURRENT_PROJECT_VERSION = 1;
				DEVELOPMENT_TEAM = FKZE2E3CS5;
				GENERATE_INFOPLIST_FILE = YES;
				MACOSX_DEPLOYMENT_TARGET = 15.0;
				MARKETING_VERSION = 1.0;
				PRODUCT_BUNDLE_IDENTIFIER = com.asiafu.rwTests;
				PRODUCT_NAME = "$(TARGET_NAME)";
				SWIFT_EMIT_LOC_STRINGS = NO;
				SWIFT_VERSION = 5.0;
				TEST_HOST = "$(BUILT_PRODUCTS_DIR)/rw.app/$(BUNDLE_EXECUTABLE_FOLDER_PATH)/rw";
			};
			name = Release;
		};
		1A2B8A572CC42490002CD868 /* Debug */ = {
			isa = XCBuildConfiguration;
			buildSettings = {
				CODE_SIGN_STYLE = Automatic;
				CURRENT_PROJECT_VERSION = 1;
				DEVELOPMENT_TEAM = FKZE2E3CS5;
				GENERATE_INFOPLIST_FILE = YES;
				MARKETING_VERSION = 1.0;
				PRODUCT_BUNDLE_IDENTIFIER = com.asiafu.rwUITests;
				PRODUCT_NAME = "$(TARGET_NAME)";
				SWIFT_EMIT_LOC_STRINGS = NO;
				SWIFT_VERSION = 5.0;
				TEST_TARGET_NAME = rw;
			};
			name = Debug;
		};
		1A2B8A582CC42490002CD868 /* Release */ = {
			isa = XCBuildConfiguration;
			buildSettings = {
				CODE_SIGN_STYLE = Automatic;
				CURRENT_PROJECT_VERSION = 1;
				DEVELOPMENT_TEAM = FKZE2E3CS5;
				GENERATE_INFOPLIST_FILE = YES;
				MARKETING_VERSION = 1.0;
				PRODUCT_BUNDLE_IDENTIFIER = com.asiafu.rwUITests;
				PRODUCT_NAME = "$(TARGET_NAME)";
				SWIFT_EMIT_LOC_STRINGS = NO;
				SWIFT_VERSION = 5.0;
				TEST_TARGET_NAME = rw;
			};
			name = Release;
		};
/* End XCBuildConfiguration section */

/* Begin XCConfigurationList section */
		1A2B8A262CC4248C002CD868 /* Build configuration list for PBXProject "rw" */ = {
			isa = XCConfigurationList;
			buildConfigurations = (
				1A2B8A4E2CC42490002CD868 /* Debug */,
				1A2B8A4F2CC42490002CD868 /* Release */,
			);
			defaultConfigurationIsVisible = 0;
			defaultConfigurationName = Release;
		};
		1A2B8A502CC42490002CD868 /* Build configuration list for PBXNativeTarget "rw" */ = {
			isa = XCConfigurationList;
			buildConfigurations = (
				1A2B8A512CC42490002CD868 /* Debug */,
				1A2B8A522CC42490002CD868 /* Release */,
			);
			defaultConfigurationIsVisible = 0;
			defaultConfigurationName = Release;
		};
		1A2B8A532CC42490002CD868 /* Build configuration list for PBXNativeTarget "rwTests" */ = {
			isa = XCConfigurationList;
			buildConfigurations = (
				1A2B8A542CC42490002CD868 /* Debug */,
				1A2B8A552CC42490002CD868 /* Release */,
			);
			defaultConfigurationIsVisible = 0;
			defaultConfigurationName = Release;
		};
		1A2B8A562CC42490002CD868 /* Build configuration list for PBXNativeTarget "rwUITests" */ = {
			isa = XCConfigurationList;
			buildConfigurations = (
				1A2B8A572CC42490002CD868 /* Debug */,
				1A2B8A582CC42490002CD868 /* Release */,
			);
			defaultConfigurationIsVisible = 0;
			defaultConfigurationName = Release;
		};
/* End XCConfigurationList section */

/* Begin XCRemoteSwiftPackageReference section */
		1A64C9D12CC80FAD00353D20 /* XCRemoteSwiftPackageReference "Defaults" */ = {
			isa = XCRemoteSwiftPackageReference;
			repositoryURL = "https://github.com/sindresorhus/Defaults";
			requirement = {
				branch = main;
				kind = branch;
			};
		};
		1AE1D6312CC4288B00C9E2AB /* XCRemoteSwiftPackageReference "FileWatcher" */ = {
			isa = XCRemoteSwiftPackageReference;
			repositoryURL = "https://github.com/eonist/FileWatcher";
			requirement = {
				kind = upToNextMajorVersion;
				minimumVersion = 0.2.3;
			};
		};
		1AE1D6342CC428E400C9E2AB /* XCRemoteSwiftPackageReference "SQLite" */ = {
			isa = XCRemoteSwiftPackageReference;
			repositoryURL = "https://github.com/stephencelis/SQLite.swift";
			requirement = {
				kind = upToNextMajorVersion;
				minimumVersion = 0.15.3;
			};
		};
		1AE1D6372CC4290A00C9E2AB /* XCRemoteSwiftPackageReference "LaunchAtLogin-Legacy" */ = {
			isa = XCRemoteSwiftPackageReference;
			repositoryURL = "https://github.com/sindresorhus/LaunchAtLogin-Legacy";
			requirement = {
				branch = main;
				kind = branch;
			};
		};
/* End XCRemoteSwiftPackageReference section */

/* Begin XCSwiftPackageProductDependency section */
		1A64C9D22CC80FAD00353D20 /* Defaults */ = {
			isa = XCSwiftPackageProductDependency;
			package = 1A64C9D12CC80FAD00353D20 /* XCRemoteSwiftPackageReference "Defaults" */;
			productName = Defaults;
		};
		1AE1D6322CC4288B00C9E2AB /* FileWatcher */ = {
			isa = XCSwiftPackageProductDependency;
			package = 1AE1D6312CC4288B00C9E2AB /* XCRemoteSwiftPackageReference "FileWatcher" */;
			productName = FileWatcher;
		};
		1AE1D6352CC428E400C9E2AB /* SQLite */ = {
			isa = XCSwiftPackageProductDependency;
			package = 1AE1D6342CC428E400C9E2AB /* XCRemoteSwiftPackageReference "SQLite" */;
			productName = SQLite;
		};
		1AE1D6382CC4290A00C9E2AB /* LaunchAtLogin */ = {
			isa = XCSwiftPackageProductDependency;
			package = 1AE1D6372CC4290A00C9E2AB /* XCRemoteSwiftPackageReference "LaunchAtLogin-Legacy" */;
			productName = LaunchAtLogin;
		};
/* End XCSwiftPackageProductDependency section */
	};
	rootObject = 1A2B8A232CC4248C002CD868 /* Project object */;
}
